// !$*UTF8*$!
{
	archiveVersion = 1;
	classes = {
	};
	objectVersion = 56;
	objects = {

/* Begin PBXBuildFile section */
		80C735662977F81700E68222 /* Slot_MachineApp.swift in Sources */ = {isa = PBXBuildFile; fileRef = 80C735652977F81700E68222 /* Slot_MachineApp.swift */; };
		80C735682977F81700E68222 /* ContentView.swift in Sources */ = {isa = PBXBuildFile; fileRef = 80C735672977F81700E68222 /* ContentView.swift */; };
		80C7356A2977F81A00E68222 /* Assets.xcassets in Resources */ = {isa = PBXBuildFile; fileRef = 80C735692977F81A00E68222 /* Assets.xcassets */; };
		80C7356D2977F81A00E68222 /* Preview Assets.xcassets in Resources */ = {isa = PBXBuildFile; fileRef = 80C7356C2977F81A00E68222 /* Preview Assets.xcassets */; };
		80C7357B2977F96500E68222 /* game-over.mp3 in Resources */ = {isa = PBXBuildFile; fileRef = 80C735732977F96500E68222 /* game-over.mp3 */; };
		80C7357C2977F96500E68222 /* casino-chips.mp3 in Resources */ = {isa = PBXBuildFile; fileRef = 80C735742977F96500E68222 /* casino-chips.mp3 */; };
		80C7357D2977F96500E68222 /* riseup.mp3 in Resources */ = {isa = PBXBuildFile; fileRef = 80C735752977F96500E68222 /* riseup.mp3 */; };
		80C7357E2977F96500E68222 /* high-score.mp3 in Resources */ = {isa = PBXBuildFile; fileRef = 80C735762977F96500E68222 /* high-score.mp3 */; };
		80C7357F2977F96500E68222 /* chimeup.mp3 in Resources */ = {isa = PBXBuildFile; fileRef = 80C735772977F96500E68222 /* chimeup.mp3 */; };
		80C735802977F96500E68222 /* spin.mp3 in Resources */ = {isa = PBXBuildFile; fileRef = 80C735782977F96500E68222 /* spin.mp3 */; };
		80C735812977F96500E68222 /* win.mp3 in Resources */ = {isa = PBXBuildFile; fileRef = 80C735792977F96500E68222 /* win.mp3 */; };
		80C735822977F96500E68222 /* background-music.mp3 in Resources */ = {isa = PBXBuildFile; fileRef = 80C7357A2977F96500E68222 /* background-music.mp3 */; };
		80C7358D2977F9F800E68222 /* Launch Screen.storyboard in Resources */ = {isa = PBXBuildFile; fileRef = 80C7358C2977F9F800E68222 /* Launch Screen.storyboard */; };
		80C7358F2977FD1400E68222 /* LogoView.swift in Sources */ = {isa = PBXBuildFile; fileRef = 80C7358E2977FD1400E68222 /* LogoView.swift */; };
		80C735912977FD4100E68222 /* Modifiers.swift in Sources */ = {isa = PBXBuildFile; fileRef = 80C735902977FD4100E68222 /* Modifiers.swift */; };
		80C735932977FF3B00E68222 /* Text+Extension.swift in Sources */ = {isa = PBXBuildFile; fileRef = 80C735922977FF3B00E68222 /* Text+Extension.swift */; };
/* End PBXBuildFile section */

/* Begin PBXFileReference section */
		80C735622977F81700E68222 /* Slot Machine.app */ = {isa = PBXFileReference; explicitFileType = wrapper.application; includeInIndex = 0; path = "Slot Machine.app"; sourceTree = BUILT_PRODUCTS_DIR; };
		80C735652977F81700E68222 /* Slot_MachineApp.swift */ = {isa = PBXFileReference; lastKnownFileType = sourcecode.swift; path = Slot_MachineApp.swift; sourceTree = "<group>"; };
		80C735672977F81700E68222 /* ContentView.swift */ = {isa = PBXFileReference; lastKnownFileType = sourcecode.swift; path = ContentView.swift; sourceTree = "<group>"; };
		80C735692977F81A00E68222 /* Assets.xcassets */ = {isa = PBXFileReference; lastKnownFileType = folder.assetcatalog; path = Assets.xcassets; sourceTree = "<group>"; };
		80C7356C2977F81A00E68222 /* Preview Assets.xcassets */ = {isa = PBXFileReference; lastKnownFileType = folder.assetcatalog; path = "Preview Assets.xcassets"; sourceTree = "<group>"; };
		80C735732977F96500E68222 /* game-over.mp3 */ = {isa = PBXFileReference; lastKnownFileType = audio.mp3; path = "game-over.mp3"; sourceTree = "<group>"; };
		80C735742977F96500E68222 /* casino-chips.mp3 */ = {isa = PBXFileReference; lastKnownFileType = audio.mp3; path = "casino-chips.mp3"; sourceTree = "<group>"; };
		80C735752977F96500E68222 /* riseup.mp3 */ = {isa = PBXFileReference; lastKnownFileType = audio.mp3; path = riseup.mp3; sourceTree = "<group>"; };
		80C735762977F96500E68222 /* high-score.mp3 */ = {isa = PBXFileReference; lastKnownFileType = audio.mp3; path = "high-score.mp3"; sourceTree = "<group>"; };
		80C735772977F96500E68222 /* chimeup.mp3 */ = {isa = PBXFileReference; lastKnownFileType = audio.mp3; path = chimeup.mp3; sourceTree = "<group>"; };
		80C735782977F96500E68222 /* spin.mp3 */ = {isa = PBXFileReference; lastKnownFileType = audio.mp3; path = spin.mp3; sourceTree = "<group>"; };
		80C735792977F96500E68222 /* win.mp3 */ = {isa = PBXFileReference; lastKnownFileType = audio.mp3; path = win.mp3; sourceTree = "<group>"; };
		80C7357A2977F96500E68222 /* background-music.mp3 */ = {isa = PBXFileReference; lastKnownFileType = audio.mp3; path = "background-music.mp3"; sourceTree = "<group>"; };
		80C7358C2977F9F800E68222 /* Launch Screen.storyboard */ = {isa = PBXFileReference; lastKnownFileType = file.storyboard; path = "Launch Screen.storyboard"; sourceTree = "<group>"; };
		80C7358E2977FD1400E68222 /* LogoView.swift */ = {isa = PBXFileReference; lastKnownFileType = sourcecode.swift; path = LogoView.swift; sourceTree = "<group>"; };
		80C735902977FD4100E68222 /* Modifiers.swift */ = {isa = PBXFileReference; lastKnownFileType = sourcecode.swift; path = Modifiers.swift; sourceTree = "<group>"; };
		80C735922977FF3B00E68222 /* Text+Extension.swift */ = {isa = PBXFileReference; lastKnownFileType = sourcecode.swift; path = "Text+Extension.swift"; sourceTree = "<group>"; };
/* End PBXFileReference section */

/* Begin PBXFrameworksBuildPhase section */
		80C7355F2977F81700E68222 /* Frameworks */ = {
			isa = PBXFrameworksBuildPhase;
			buildActionMask = 2147483647;
			files = (
			);
			runOnlyForDeploymentPostprocessing = 0;
		};
/* End PBXFrameworksBuildPhase section */

/* Begin PBXGroup section */
		80C735592977F81700E68222 = {
			isa = PBXGroup;
			children = (
				80C735642977F81700E68222 /* Slot Machine */,
				80C735632977F81700E68222 /* Products */,
			);
			sourceTree = "<group>";
		};
		80C735632977F81700E68222 /* Products */ = {
			isa = PBXGroup;
			children = (
				80C735622977F81700E68222 /* Slot Machine.app */,
			);
			name = Products;
			sourceTree = "<group>";
		};
		80C735642977F81700E68222 /* Slot Machine */ = {
			isa = PBXGroup;
			children = (
				80C735892977F98F00E68222 /* Models */,
				80C735882977F98C00E68222 /* Data */,
				80C7358B2977F9E500E68222 /* LaunchScreen */,
				80C735852977F97500E68222 /* App */,
				80C735842977F97200E68222 /* Views */,
				80C7358A2977F9C600E68222 /* Helpers */,
				80C735872977F98300E68222 /* Extensions */,
				80C735862977F97800E68222 /* Utilities */,
				80C735832977F96F00E68222 /* Sounds */,
				80C735692977F81A00E68222 /* Assets.xcassets */,
				80C7356B2977F81A00E68222 /* Preview Content */,
			);
			path = "Slot Machine";
			sourceTree = "<group>";
		};
		80C7356B2977F81A00E68222 /* Preview Content */ = {
			isa = PBXGroup;
			children = (
				80C7356C2977F81A00E68222 /* Preview Assets.xcassets */,
			);
			path = "Preview Content";
			sourceTree = "<group>";
		};
		80C735832977F96F00E68222 /* Sounds */ = {
			isa = PBXGroup;
			children = (
				80C7357A2977F96500E68222 /* background-music.mp3 */,
				80C735742977F96500E68222 /* casino-chips.mp3 */,
				80C735772977F96500E68222 /* chimeup.mp3 */,
				80C735732977F96500E68222 /* game-over.mp3 */,
				80C735762977F96500E68222 /* high-score.mp3 */,
				80C735752977F96500E68222 /* riseup.mp3 */,
				80C735782977F96500E68222 /* spin.mp3 */,
				80C735792977F96500E68222 /* win.mp3 */,
			);
			path = Sounds;
			sourceTree = "<group>";
		};
		80C735842977F97200E68222 /* Views */ = {
			isa = PBXGroup;
			children = (
				80C7358E2977FD1400E68222 /* LogoView.swift */,
			);
			path = Views;
			sourceTree = "<group>";
		};
		80C735852977F97500E68222 /* App */ = {
			isa = PBXGroup;
			children = (
				80C735652977F81700E68222 /* Slot_MachineApp.swift */,
				80C735672977F81700E68222 /* ContentView.swift */,
			);
			path = App;
			sourceTree = "<group>";
		};
		80C735862977F97800E68222 /* Utilities */ = {
			isa = PBXGroup;
			children = (
			);
			path = Utilities;
			sourceTree = "<group>";
		};
		80C735872977F98300E68222 /* Extensions */ = {
			isa = PBXGroup;
			children = (
				80C735922977FF3B00E68222 /* Text+Extension.swift */,
			);
			path = Extensions;
			sourceTree = "<group>";
		};
		80C735882977F98C00E68222 /* Data */ = {
			isa = PBXGroup;
			children = (
			);
			path = Data;
			sourceTree = "<group>";
		};
		80C735892977F98F00E68222 /* Models */ = {
			isa = PBXGroup;
			children = (
			);
			path = Models;
			sourceTree = "<group>";
		};
		80C7358A2977F9C600E68222 /* Helpers */ = {
			isa = PBXGroup;
			children = (
				80C735902977FD4100E68222 /* Modifiers.swift */,
			);
			path = Helpers;
			sourceTree = "<group>";
		};
		80C7358B2977F9E500E68222 /* LaunchScreen */ = {
			isa = PBXGroup;
			children = (
				80C7358C2977F9F800E68222 /* Launch Screen.storyboard */,
			);
			path = LaunchScreen;
			sourceTree = "<group>";
		};
/* End PBXGroup section */

/* Begin PBXNativeTarget section */
		80C735612977F81700E68222 /* Slot Machine */ = {
			isa = PBXNativeTarget;
			buildConfigurationList = 80C735702977F81A00E68222 /* Build configuration list for PBXNativeTarget "Slot Machine" */;
			buildPhases = (
				80C7355E2977F81700E68222 /* Sources */,
				80C7355F2977F81700E68222 /* Frameworks */,
				80C735602977F81700E68222 /* Resources */,
			);
			buildRules = (
			);
			dependencies = (
			);
			name = "Slot Machine";
			productName = "Slot Machine";
			productReference = 80C735622977F81700E68222 /* Slot Machine.app */;
			productType = "com.apple.product-type.application";
		};
/* End PBXNativeTarget section */

/* Begin PBXProject section */
		80C7355A2977F81700E68222 /* Project object */ = {
			isa = PBXProject;
			attributes = {
				BuildIndependentTargetsInParallel = 1;
				LastSwiftUpdateCheck = 1410;
				LastUpgradeCheck = 1410;
				TargetAttributes = {
					80C735612977F81700E68222 = {
						CreatedOnToolsVersion = 14.1;
					};
				};
			};
			buildConfigurationList = 80C7355D2977F81700E68222 /* Build configuration list for PBXProject "Slot Machine" */;
			compatibilityVersion = "Xcode 14.0";
			developmentRegion = en;
			hasScannedForEncodings = 0;
			knownRegions = (
				en,
				Base,
			);
			mainGroup = 80C735592977F81700E68222;
			productRefGroup = 80C735632977F81700E68222 /* Products */;
			projectDirPath = "";
			projectRoot = "";
			targets = (
				80C735612977F81700E68222 /* Slot Machine */,
			);
		};
/* End PBXProject section */

/* Begin PBXResourcesBuildPhase section */
		80C735602977F81700E68222 /* Resources */ = {
			isa = PBXResourcesBuildPhase;
			buildActionMask = 2147483647;
			files = (
				80C735812977F96500E68222 /* win.mp3 in Resources */,
				80C735802977F96500E68222 /* spin.mp3 in Resources */,
				80C735822977F96500E68222 /* background-music.mp3 in Resources */,
				80C7356D2977F81A00E68222 /* Preview Assets.xcassets in Resources */,
				80C7357B2977F96500E68222 /* game-over.mp3 in Resources */,
				80C7357F2977F96500E68222 /* chimeup.mp3 in Resources */,
				80C7358D2977F9F800E68222 /* Launch Screen.storyboard in Resources */,
				80C7356A2977F81A00E68222 /* Assets.xcassets in Resources */,
				80C7357D2977F96500E68222 /* riseup.mp3 in Resources */,
				80C7357C2977F96500E68222 /* casino-chips.mp3 in Resources */,
				80C7357E2977F96500E68222 /* high-score.mp3 in Resources */,
			);
			runOnlyForDeploymentPostprocessing = 0;
		};
/* End PBXResourcesBuildPhase section */

/* Begin PBXSourcesBuildPhase section */
		80C7355E2977F81700E68222 /* Sources */ = {
			isa = PBXSourcesBuildPhase;
			buildActionMask = 2147483647;
			files = (
				80C735912977FD4100E68222 /* Modifiers.swift in Sources */,
				80C735682977F81700E68222 /* ContentView.swift in Sources */,
				80C7358F2977FD1400E68222 /* LogoView.swift in Sources */,
				80C735932977FF3B00E68222 /* Text+Extension.swift in Sources */,
				80C735662977F81700E68222 /* Slot_MachineApp.swift in Sources */,
			);
			runOnlyForDeploymentPostprocessing = 0;
		};
/* End PBXSourcesBuildPhase section */

/* Begin XCBuildConfiguration section */
		80C7356E2977F81A00E68222 /* Debug */ = {
			isa = XCBuildConfiguration;
			buildSettings = {
				ALWAYS_SEARCH_USER_PATHS = NO;
				CLANG_ANALYZER_NONNULL = YES;
				CLANG_ANALYZER_NUMBER_OBJECT_CONVERSION = YES_AGGRESSIVE;
				CLANG_CXX_LANGUAGE_STANDARD = "gnu++20";
				CLANG_ENABLE_MODULES = YES;
				CLANG_ENABLE_OBJC_ARC = YES;
				CLANG_ENABLE_OBJC_WEAK = YES;
				CLANG_WARN_BLOCK_CAPTURE_AUTORELEASING = YES;
				CLANG_WARN_BOOL_CONVERSION = YES;
				CLANG_WARN_COMMA = YES;
				CLANG_WARN_CONSTANT_CONVERSION = YES;
				CLANG_WARN_DEPRECATED_OBJC_IMPLEMENTATIONS = YES;
				CLANG_WARN_DIRECT_OBJC_ISA_USAGE = YES_ERROR;
				CLANG_WARN_DOCUMENTATION_COMMENTS = YES;
				CLANG_WARN_EMPTY_BODY = YES;
				CLANG_WARN_ENUM_CONVERSION = YES;
				CLANG_WARN_INFINITE_RECURSION = YES;
				CLANG_WARN_INT_CONVERSION = YES;
				CLANG_WARN_NON_LITERAL_NULL_CONVERSION = YES;
				CLANG_WARN_OBJC_IMPLICIT_RETAIN_SELF = YES;
				CLANG_WARN_OBJC_LITERAL_CONVERSION = YES;
				CLANG_WARN_OBJC_ROOT_CLASS = YES_ERROR;
				CLANG_WARN_QUOTED_INCLUDE_IN_FRAMEWORK_HEADER = YES;
				CLANG_WARN_RANGE_LOOP_ANALYSIS = YES;
				CLANG_WARN_STRICT_PROTOTYPES = YES;
				CLANG_WARN_SUSPICIOUS_MOVE = YES;
				CLANG_WARN_UNGUARDED_AVAILABILITY = YES_AGGRESSIVE;
				CLANG_WARN_UNREACHABLE_CODE = YES;
				CLANG_WARN__DUPLICATE_METHOD_MATCH = YES;
				COPY_PHASE_STRIP = NO;
				DEBUG_INFORMATION_FORMAT = dwarf;
				ENABLE_STRICT_OBJC_MSGSEND = YES;
				ENABLE_TESTABILITY = YES;
				GCC_C_LANGUAGE_STANDARD = gnu11;
				GCC_DYNAMIC_NO_PIC = NO;
				GCC_NO_COMMON_BLOCKS = YES;
				GCC_OPTIMIZATION_LEVEL = 0;
				GCC_PREPROCESSOR_DEFINITIONS = (
					"DEBUG=1",
					"$(inherited)",
				);
				GCC_WARN_64_TO_32_BIT_CONVERSION = YES;
				GCC_WARN_ABOUT_RETURN_TYPE = YES_ERROR;
				GCC_WARN_UNDECLARED_SELECTOR = YES;
				GCC_WARN_UNINITIALIZED_AUTOS = YES_AGGRESSIVE;
				GCC_WARN_UNUSED_FUNCTION = YES;
				GCC_WARN_UNUSED_VARIABLE = YES;
				IPHONEOS_DEPLOYMENT_TARGET = 16.1;
				MTL_ENABLE_DEBUG_INFO = INCLUDE_SOURCE;
				MTL_FAST_MATH = YES;
				ONLY_ACTIVE_ARCH = YES;
				SDKROOT = iphoneos;
				SWIFT_ACTIVE_COMPILATION_CONDITIONS = DEBUG;
				SWIFT_OPTIMIZATION_LEVEL = "-Onone";
			};
			name = Debug;
		};
		80C7356F2977F81A00E68222 /* Release */ = {
			isa = XCBuildConfiguration;
			buildSettings = {
				ALWAYS_SEARCH_USER_PATHS = NO;
				CLANG_ANALYZER_NONNULL = YES;
				CLANG_ANALYZER_NUMBER_OBJECT_CONVERSION = YES_AGGRESSIVE;
				CLANG_CXX_LANGUAGE_STANDARD = "gnu++20";
				CLANG_ENABLE_MODULES = YES;
				CLANG_ENABLE_OBJC_ARC = YES;
				CLANG_ENABLE_OBJC_WEAK = YES;
				CLANG_WARN_BLOCK_CAPTURE_AUTORELEASING = YES;
				CLANG_WARN_BOOL_CONVERSION = YES;
				CLANG_WARN_COMMA = YES;
				CLANG_WARN_CONSTANT_CONVERSION = YES;
				CLANG_WARN_DEPRECATED_OBJC_IMPLEMENTATIONS = YES;
				CLANG_WARN_DIRECT_OBJC_ISA_USAGE = YES_ERROR;
				CLANG_WARN_DOCUMENTATION_COMMENTS = YES;
				CLANG_WARN_EMPTY_BODY = YES;
				CLANG_WARN_ENUM_CONVERSION = YES;
				CLANG_WARN_INFINITE_RECURSION = YES;
				CLANG_WARN_INT_CONVERSION = YES;
				CLANG_WARN_NON_LITERAL_NULL_CONVERSION = YES;
				CLANG_WARN_OBJC_IMPLICIT_RETAIN_SELF = YES;
				CLANG_WARN_OBJC_LITERAL_CONVERSION = YES;
				CLANG_WARN_OBJC_ROOT_CLASS = YES_ERROR;
				CLANG_WARN_QUOTED_INCLUDE_IN_FRAMEWORK_HEADER = YES;
				CLANG_WARN_RANGE_LOOP_ANALYSIS = YES;
				CLANG_WARN_STRICT_PROTOTYPES = YES;
				CLANG_WARN_SUSPICIOUS_MOVE = YES;
				CLANG_WARN_UNGUARDED_AVAILABILITY = YES_AGGRESSIVE;
				CLANG_WARN_UNREACHABLE_CODE = YES;
				CLANG_WARN__DUPLICATE_METHOD_MATCH = YES;
				COPY_PHASE_STRIP = NO;
				DEBUG_INFORMATION_FORMAT = "dwarf-with-dsym";
				ENABLE_NS_ASSERTIONS = NO;
				ENABLE_STRICT_OBJC_MSGSEND = YES;
				GCC_C_LANGUAGE_STANDARD = gnu11;
				GCC_NO_COMMON_BLOCKS = YES;
				GCC_WARN_64_TO_32_BIT_CONVERSION = YES;
				GCC_WARN_ABOUT_RETURN_TYPE = YES_ERROR;
				GCC_WARN_UNDECLARED_SELECTOR = YES;
				GCC_WARN_UNINITIALIZED_AUTOS = YES_AGGRESSIVE;
				GCC_WARN_UNUSED_FUNCTION = YES;
				GCC_WARN_UNUSED_VARIABLE = YES;
				IPHONEOS_DEPLOYMENT_TARGET = 16.1;
				MTL_ENABLE_DEBUG_INFO = NO;
				MTL_FAST_MATH = YES;
				SDKROOT = iphoneos;
				SWIFT_COMPILATION_MODE = wholemodule;
				SWIFT_OPTIMIZATION_LEVEL = "-O";
				VALIDATE_PRODUCT = YES;
			};
			name = Release;
		};
		80C735712977F81A00E68222 /* Debug */ = {
			isa = XCBuildConfiguration;
			buildSettings = {
				ASSETCATALOG_COMPILER_APPICON_NAME = AppIcon;
				ASSETCATALOG_COMPILER_GLOBAL_ACCENT_COLOR_NAME = AccentColor;
				CODE_SIGN_STYLE = Automatic;
				CURRENT_PROJECT_VERSION = 1;
				DEVELOPMENT_ASSET_PATHS = "\"Slot Machine/Preview Content\"";
				DEVELOPMENT_TEAM = F5D2979ZRD;
				ENABLE_PREVIEWS = YES;
				GENERATE_INFOPLIST_FILE = YES;
				INFOPLIST_KEY_UIApplicationSceneManifest_Generation = YES;
				INFOPLIST_KEY_UIApplicationSupportsIndirectInputEvents = YES;
				INFOPLIST_KEY_UILaunchScreen_Generation = YES;
				INFOPLIST_KEY_UILaunchStoryboardName = "Launch Screen.storyboard";
				INFOPLIST_KEY_UISupportedInterfaceOrientations_iPad = "UIInterfaceOrientationPortrait UIInterfaceOrientationPortraitUpsideDown UIInterfaceOrientationLandscapeLeft UIInterfaceOrientationLandscapeRight";
				INFOPLIST_KEY_UISupportedInterfaceOrientations_iPhone = "UIInterfaceOrientationPortrait UIInterfaceOrientationLandscapeLeft UIInterfaceOrientationLandscapeRight";
				LD_RUNPATH_SEARCH_PATHS = (
					"$(inherited)",
					"@executable_path/Frameworks",
				);
				MARKETING_VERSION = 1.0;
				PRODUCT_BUNDLE_IDENTIFIER = "academy.credo.Slot-Machine";
				PRODUCT_NAME = "$(TARGET_NAME)";
				SWIFT_EMIT_LOC_STRINGS = YES;
				SWIFT_VERSION = 5.0;
				TARGETED_DEVICE_FAMILY = "1,2";
			};
			name = Debug;
		};
		80C735722977F81A00E68222 /* Release */ = {
			isa = XCBuildConfiguration;
			buildSettings = {
				ASSETCATALOG_COMPILER_APPICON_NAME = AppIcon;
				ASSETCATALOG_COMPILER_GLOBAL_ACCENT_COLOR_NAME = AccentColor;
				CODE_SIGN_STYLE = Automatic;
				CURRENT_PROJECT_VERSION = 1;
				DEVELOPMENT_ASSET_PATHS = "\"Slot Machine/Preview Content\"";
				DEVELOPMENT_TEAM = F5D2979ZRD;
				ENABLE_PREVIEWS = YES;
				GENERATE_INFOPLIST_FILE = YES;
				INFOPLIST_KEY_UIApplicationSceneManifest_Generation = YES;
				INFOPLIST_KEY_UIApplicationSupportsIndirectInputEvents = YES;
				INFOPLIST_KEY_UILaunchScreen_Generation = YES;
				INFOPLIST_KEY_UILaunchStoryboardName = "Launch Screen.storyboard";
				INFOPLIST_KEY_UISupportedInterfaceOrientations_iPad = "UIInterfaceOrientationPortrait UIInterfaceOrientationPortraitUpsideDown UIInterfaceOrientationLandscapeLeft UIInterfaceOrientationLandscapeRight";
				INFOPLIST_KEY_UISupportedInterfaceOrientations_iPhone = "UIInterfaceOrientationPortrait UIInterfaceOrientationLandscapeLeft UIInterfaceOrientationLandscapeRight";
				LD_RUNPATH_SEARCH_PATHS = (
					"$(inherited)",
					"@executable_path/Frameworks",
				);
				MARKETING_VERSION = 1.0;
				PRODUCT_BUNDLE_IDENTIFIER = "academy.credo.Slot-Machine";
				PRODUCT_NAME = "$(TARGET_NAME)";
				SWIFT_EMIT_LOC_STRINGS = YES;
				SWIFT_VERSION = 5.0;
				TARGETED_DEVICE_FAMILY = "1,2";
			};
			name = Release;
		};
/* End XCBuildConfiguration section */

/* Begin XCConfigurationList section */
		80C7355D2977F81700E68222 /* Build configuration list for PBXProject "Slot Machine" */ = {
			isa = XCConfigurationList;
			buildConfigurations = (
				80C7356E2977F81A00E68222 /* Debug */,
				80C7356F2977F81A00E68222 /* Release */,
			);
			defaultConfigurationIsVisible = 0;
			defaultConfigurationName = Release;
		};
		80C735702977F81A00E68222 /* Build configuration list for PBXNativeTarget "Slot Machine" */ = {
			isa = XCConfigurationList;
			buildConfigurations = (
				80C735712977F81A00E68222 /* Debug */,
				80C735722977F81A00E68222 /* Release */,
			);
			defaultConfigurationIsVisible = 0;
			defaultConfigurationName = Release;
		};
/* End XCConfigurationList section */
	};
	rootObject = 80C7355A2977F81700E68222 /* Project object */;
}
